lockfileVersion: '9.0'

settings:
  autoInstallPeers: true
  excludeLinksFromLockfile: false

importers:

  .:
    dependencies:
      uWebSockets.js:
        specifier: uNetworking/uWebSockets.js#v20.43.0
        version: https://codeload.github.com/uNetworking/uWebSockets.js/tar.gz/1977b5039938ad863d42fc4958d48c17e5a1fa06

packages:

  uWebSockets.js@https://codeload.github.com/uNetworking/uWebSockets.js/tar.gz/1977b5039938ad863d42fc4958d48c17e5a1fa06:
    resolution: {tarball: https://codeload.github.com/uNetworking/uWebSockets.js/tar.gz/1977b5039938ad863d42fc4958d48c17e5a1fa06}
    version: 20.43.0

snapshots:

  uWebSockets.js@https://codeload.github.com/uNetworking/uWebSockets.js/tar.gz/1977b5039938ad863d42fc4958d48c17e5a1fa06: {}
